
Microsoft Visual Studio Solution File, Format Version 12.00
# Visual Studio 15
VisualStudioVersion = 15.0.28307.489
MinimumVisualStudioVersion = 10.0.40219.1
Project("{FAE04EC0-301F-11D3-BF4B-00C04F79EFBC}") = "LatvanyossagokApplication", "LatvanyossagokApplication\LatvanyossagokApplication.csproj", "{AD659A51-C636-46E2-B855-79A549E710FC}"
EndProject
Global
	GlobalSection(SolutionConfigurationPlatforms) = preSolution
		Debug|Any CPU = Debug|Any CPU
		Release|Any CPU = Release|Any CPU
	EndGlobalSection
	GlobalSection(ProjectConfigurationPlatforms) = postSolution
		{AD659A51-C636-46E2-B855-79A549E710FC}.Debug|Any CPU.ActiveCfg = Debug|Any CPU
		{AD659A51-C636-46E2-B855-79A549E710FC}.Debug|Any CPU.Build.0 = Debug|Any CPU
		{AD659A51-C636-46E2-B855-79A549E710FC}.Release|Any CPU.ActiveCfg = Release|Any CPU
		{AD659A51-C636-46E2-B855-79A549E710FC}.Release|Any CPU.Build.0 = Release|Any CPU
	EndGlobalSection
	GlobalSection(SolutionProperties) = preSolution
		HideSolutionNode = FALSE
	EndGlobalSection
	GlobalSection(ExtensibilityGlobals) = postSolution
		SolutionGuid = {B1FC5B7B-AE60-49B4-96A0-7F7BA4D506A4}
	EndGlobalSection
EndGlobal
